// !$*UTF8*$!
{
	archiveVersion = 1;
	classes = {
	};
	objectVersion = 46;
	objects = {

/* Begin PBXBuildFile section */
		4E6C82001D9D6BB3003EEC33 /* test_local.html in Resources */ = {isa = PBXBuildFile; fileRef = 4E6C81FF1D9D6BB3003EEC33 /* test_local.html */; };
		4EBE00111A3844CE009BCC86 /* main.m in Sources */ = {isa = PBXBuildFile; fileRef = 4EBE00101A3844CE009BCC86 /* main.m */; };
		4EBE00141A3844CE009BCC86 /* AppDelegate.m in Sources */ = {isa = PBXBuildFile; fileRef = 4EBE00131A3844CE009BCC86 /* AppDelegate.m */; };
		4EBE00171A3844CE009BCC86 /* ViewController.m in Sources */ = {isa = PBXBuildFile; fileRef = 4EBE00161A3844CE009BCC86 /* ViewController.m */; };
		4EBE001A1A3844CE009BCC86 /* Main.storyboard in Resources */ = {isa = PBXBuildFile; fileRef = 4EBE00181A3844CE009BCC86 /* Main.storyboard */; };
		4EBE001C1A3844CE009BCC86 /* Images.xcassets in Resources */ = {isa = PBXBuildFile; fileRef = 4EBE001B1A3844CE009BCC86 /* Images.xcassets */; };
		4EBE001F1A3844CE009BCC86 /* LaunchScreen.xib in Resources */ = {isa = PBXBuildFile; fileRef = 4EBE001D1A3844CE009BCC86 /* LaunchScreen.xib */; };
		4EBE00491A385497009BCC86 /* assets in Resources */ = {isa = PBXBuildFile; fileRef = 4EBE00481A385497009BCC86 /* assets */; };
/* End PBXBuildFile section */

/* Begin PBXFileReference section */
		4E6C81FF1D9D6BB3003EEC33 /* test_local.html */ = {isa = PBXFileReference; fileEncoding = 4; lastKnownFileType = text.html; path = test_local.html; sourceTree = "<group>"; };
		4EBE000B1A3844CE009BCC86 /* WKWebViewLocal.app */ = {isa = PBXFileReference; explicitFileType = wrapper.application; includeInIndex = 0; path = WKWebViewLocal.app; sourceTree = BUILT_PRODUCTS_DIR; };
		4EBE000F1A3844CE009BCC86 /* Info.plist */ = {isa = PBXFileReference; lastKnownFileType = text.plist.xml; path = Info.plist; sourceTree = "<group>"; };
		4EBE00101A3844CE009BCC86 /* main.m */ = {isa = PBXFileReference; lastKnownFileType = sourcecode.c.objc; path = main.m; sourceTree = "<group>"; };
		4EBE00121A3844CE009BCC86 /* AppDelegate.h */ = {isa = PBXFileReference; lastKnownFileType = sourcecode.c.h; path = AppDelegate.h; sourceTree = "<group>"; };
		4EBE00131A3844CE009BCC86 /* AppDelegate.m */ = {isa = PBXFileReference; lastKnownFileType = sourcecode.c.objc; path = AppDelegate.m; sourceTree = "<group>"; };
		4EBE00151A3844CE009BCC86 /* ViewController.h */ = {isa = PBXFileReference; lastKnownFileType = sourcecode.c.h; path = ViewController.h; sourceTree = "<group>"; };
		4EBE00161A3844CE009BCC86 /* ViewController.m */ = {isa = PBXFileReference; lastKnownFileType = sourcecode.c.objc; path = ViewController.m; sourceTree = "<group>"; };
		4EBE00191A3844CE009BCC86 /* Base */ = {isa = PBXFileReference; lastKnownFileType = file.storyboard; name = Base; path = Base.lproj/Main.storyboard; sourceTree = "<group>"; };
		4EBE001B1A3844CE009BCC86 /* Images.xcassets */ = {isa = PBXFileReference; lastKnownFileType = folder.assetcatalog; name = Images.xcassets; path = WKWebViewLocal/Images.xcassets; sourceTree = "<group>"; };
		4EBE001E1A3844CE009BCC86 /* Base */ = {isa = PBXFileReference; lastKnownFileType = file.xib; name = Base; path = Base.lproj/LaunchScreen.xib; sourceTree = "<group>"; };
		4EBE00481A385497009BCC86 /* assets */ = {isa = PBXFileReference; lastKnownFileType = folder; name = assets; path = WKWebViewLocal/assets; sourceTree = "<group>"; };
/* End PBXFileReference section */

/* Begin PBXFrameworksBuildPhase section */
		4EBE00081A3844CE009BCC86 /* Frameworks */ = {
			isa = PBXFrameworksBuildPhase;
			buildActionMask = 2147483647;
			files = (
			);
			runOnlyForDeploymentPostprocessing = 0;
		};
/* End PBXFrameworksBuildPhase section */

/* Begin PBXGroup section */
		4EBE00021A3844CE009BCC86 = {
			isa = PBXGroup;
			children = (
				4EBE000D1A3844CE009BCC86 /* WKWebViewLocal */,
				4EBE00481A385497009BCC86 /* assets */,
				4EBE00341A3844E9009BCC86 /* Resources */,
				4EBE000E1A3844CE009BCC86 /* Supporting Files */,
				4EBE000C1A3844CE009BCC86 /* Products */,
			);
			sourceTree = "<group>";
		};
		4EBE000C1A3844CE009BCC86 /* Products */ = {
			isa = PBXGroup;
			children = (
				4EBE000B1A3844CE009BCC86 /* WKWebViewLocal.app */,
			);
			name = Products;
			sourceTree = "<group>";
		};
		4EBE000D1A3844CE009BCC86 /* WKWebViewLocal */ = {
			isa = PBXGroup;
			children = (
				4EBE00121A3844CE009BCC86 /* AppDelegate.h */,
				4EBE00131A3844CE009BCC86 /* AppDelegate.m */,
				4EBE00151A3844CE009BCC86 /* ViewController.h */,
				4EBE00161A3844CE009BCC86 /* ViewController.m */,
				4E6C81FF1D9D6BB3003EEC33 /* test_local.html */,
			);
			path = WKWebViewLocal;
			sourceTree = "<group>";
		};
		4EBE000E1A3844CE009BCC86 /* Supporting Files */ = {
			isa = PBXGroup;
			children = (
				4EBE000F1A3844CE009BCC86 /* Info.plist */,
				4EBE00101A3844CE009BCC86 /* main.m */,
			);
			name = "Supporting Files";
			path = WKWebViewLocal;
			sourceTree = "<group>";
		};
		4EBE00341A3844E9009BCC86 /* Resources */ = {
			isa = PBXGroup;
			children = (
				4EBE001D1A3844CE009BCC86 /* LaunchScreen.xib */,
				4EBE00181A3844CE009BCC86 /* Main.storyboard */,
				4EBE001B1A3844CE009BCC86 /* Images.xcassets */,
			);
			name = Resources;
			sourceTree = "<group>";
		};
/* End PBXGroup section */

/* Begin PBXNativeTarget section */
		4EBE000A1A3844CE009BCC86 /* WKWebViewLocal */ = {
			isa = PBXNativeTarget;
			buildConfigurationList = 4EBE002E1A3844CE009BCC86 /* Build configuration list for PBXNativeTarget "WKWebViewLocal" */;
			buildPhases = (
				4EBE00071A3844CE009BCC86 /* Sources */,
				4EBE00081A3844CE009BCC86 /* Frameworks */,
				4EBE00091A3844CE009BCC86 /* Resources */,
			);
			buildRules = (
			);
			dependencies = (
			);
			name = WKWebViewLocal;
			productName = WKWebViewLocal;
			productReference = 4EBE000B1A3844CE009BCC86 /* WKWebViewLocal.app */;
			productType = "com.apple.product-type.application";
		};
/* End PBXNativeTarget section */

/* Begin PBXProject section */
		4EBE00031A3844CE009BCC86 /* Project object */ = {
			isa = PBXProject;
			attributes = {
				LastUpgradeCheck = 0920;
				ORGANIZATIONNAME = Mellowmuse;
				TargetAttributes = {
					4EBE000A1A3844CE009BCC86 = {
						CreatedOnToolsVersion = 6.1;
						DevelopmentTeam = RP89MENV25;
					};
				};
			};
			buildConfigurationList = 4EBE00061A3844CE009BCC86 /* Build configuration list for PBXProject "WKWebViewLocal" */;
			compatibilityVersion = "Xcode 3.2";
			developmentRegion = English;
			hasScannedForEncodings = 0;
			knownRegions = (
				en,
				Base,
			);
			mainGroup = 4EBE00021A3844CE009BCC86;
			productRefGroup = 4EBE000C1A3844CE009BCC86 /* Products */;
			projectDirPath = "";
			projectRoot = "";
			targets = (
				4EBE000A1A3844CE009BCC86 /* WKWebViewLocal */,
			);
		};
/* End PBXProject section */

/* Begin PBXResourcesBuildPhase section */
		4EBE00091A3844CE009BCC86 /* Resources */ = {
			isa = PBXResourcesBuildPhase;
			buildActionMask = 2147483647;
			files = (
				4EBE00491A385497009BCC86 /* assets in Resources */,
				4EBE001A1A3844CE009BCC86 /* Main.storyboard in Resources */,
				4EBE001F1A3844CE009BCC86 /* LaunchScreen.xib in Resources */,
				4E6C82001D9D6BB3003EEC33 /* test_local.html in Resources */,
				4EBE001C1A3844CE009BCC86 /* Images.xcassets in Resources */,
			);
			runOnlyForDeploymentPostprocessing = 0;
		};
/* End PBXResourcesBuildPhase section */

/* Begin PBXSourcesBuildPhase section */
		4EBE00071A3844CE009BCC86 /* Sources */ = {
			isa = PBXSourcesBuildPhase;
			buildActionMask = 2147483647;
			files = (
				4EBE00171A3844CE009BCC86 /* ViewController.m in Sources */,
				4EBE00141A3844CE009BCC86 /* AppDelegate.m in Sources */,
				4EBE00111A3844CE009BCC86 /* main.m in Sources */,
			);
			runOnlyForDeploymentPostprocessing = 0;
		};
/* End PBXSourcesBuildPhase section */

/* Begin PBXVariantGroup section */
		4EBE00181A3844CE009BCC86 /* Main.storyboard */ = {
			isa = PBXVariantGroup;
			children = (
				4EBE00191A3844CE009BCC86 /* Base */,
			);
			name = Main.storyboard;
			path = WKWebViewLocal;
			sourceTree = "<group>";
		};
		4EBE001D1A3844CE009BCC86 /* LaunchScreen.xib */ = {
			isa = PBXVariantGroup;
			children = (
				4EBE001E1A3844CE009BCC86 /* Base */,
			);
			name = LaunchScreen.xib;
			path = WKWebViewLocal;
			sourceTree = "<group>";
		};
/* End PBXVariantGroup section */

/* Begin XCBuildConfiguration section */
		4EBE002C1A3844CE009BCC86 /* Debug */ = {
			isa = XCBuildConfiguration;
			buildSettings = {
				ALWAYS_SEARCH_USER_PATHS = NO;
				CLANG_CXX_LANGUAGE_STANDARD = "gnu++0x";
				CLANG_CXX_LIBRARY = "libc++";
				CLANG_ENABLE_MODULES = YES;
				CLANG_ENABLE_OBJC_ARC = YES;
				CLANG_WARN_BLOCK_CAPTURE_AUTORELEASING = YES;
				CLANG_WARN_BOOL_CONVERSION = YES;
				CLANG_WARN_COMMA = YES;
				CLANG_WARN_CONSTANT_CONVERSION = YES;
				CLANG_WARN_DIRECT_OBJC_ISA_USAGE = YES_ERROR;
				CLANG_WARN_EMPTY_BODY = YES;
				CLANG_WARN_ENUM_CONVERSION = YES;
				CLANG_WARN_INFINITE_RECURSION = YES;
				CLANG_WARN_INT_CONVERSION = YES;
				CLANG_WARN_NON_LITERAL_NULL_CONVERSION = YES;
				CLANG_WARN_OBJC_LITERAL_CONVERSION = YES;
				CLANG_WARN_OBJC_ROOT_CLASS = YES_ERROR;
				CLANG_WARN_RANGE_LOOP_ANALYSIS = YES;
				CLANG_WARN_STRICT_PROTOTYPES = YES;
				CLANG_WARN_SUSPICIOUS_MOVE = YES;
				CLANG_WARN_UNREACHABLE_CODE = YES;
				CLANG_WARN__DUPLICATE_METHOD_MATCH = YES;
				"CODE_SIGN_IDENTITY[sdk=iphoneos*]" = "iPhone Developer";
				COPY_PHASE_STRIP = NO;
				ENABLE_STRICT_OBJC_MSGSEND = YES;
				ENABLE_TESTABILITY = YES;
				GCC_C_LANGUAGE_STANDARD = gnu99;
				GCC_DYNAMIC_NO_PIC = NO;
				GCC_NO_COMMON_BLOCKS = YES;
				GCC_OPTIMIZATION_LEVEL = 0;
				GCC_PREPROCESSOR_DEFINITIONS = (
					"DEBUG=1",
					"$(inherited)",
				);
				GCC_SYMBOLS_PRIVATE_EXTERN = NO;
				GCC_WARN_64_TO_32_BIT_CONVERSION = YES;
				GCC_WARN_ABOUT_RETURN_TYPE = YES_ERROR;
				GCC_WARN_UNDECLARED_SELECTOR = YES;
				GCC_WARN_UNINITIALIZED_AUTOS = YES_AGGRESSIVE;
				GCC_WARN_UNUSED_FUNCTION = YES;
				GCC_WARN_UNUSED_VARIABLE = YES;
				IPHONEOS_DEPLOYMENT_TARGET = 11.0;
				MTL_ENABLE_DEBUG_INFO = YES;
				ONLY_ACTIVE_ARCH = YES;
				SDKROOT = iphoneos;
				TARGETED_DEVICE_FAMILY = "1,2";
			};
			name = Debug;
		};
		4EBE002D1A3844CE009BCC86 /* Release */ = {
			isa = XCBuildConfiguration;
			buildSettings = {
				ALWAYS_SEARCH_USER_PATHS = NO;
				CLANG_CXX_LANGUAGE_STANDARD = "gnu++0x";
				CLANG_CXX_LIBRARY = "libc++";
				CLANG_ENABLE_MODULES = YES;
				CLANG_ENABLE_OBJC_ARC = YES;
				CLANG_WARN_BLOCK_CAPTURE_AUTORELEASING = YES;
				CLANG_WARN_BOOL_CONVERSION = YES;
				CLANG_WARN_COMMA = YES;
				CLANG_WARN_CONSTANT_CONVERSION = YES;
				CLANG_WARN_DIRECT_OBJC_ISA_USAGE = YES_ERROR;
				CLANG_WARN_EMPTY_BODY = YES;
				CLANG_WARN_ENUM_CONVERSION = YES;
				CLANG_WARN_INFINITE_RECURSION = YES;
				CLANG_WARN_INT_CONVERSION = YES;
				CLANG_WARN_NON_LITERAL_NULL_CONVERSION = YES;
				CLANG_WARN_OBJC_LITERAL_CONVERSION = YES;
				CLANG_WARN_OBJC_ROOT_CLASS = YES_ERROR;
				CLANG_WARN_RANGE_LOOP_ANALYSIS = YES;
				CLANG_WARN_STRICT_PROTOTYPES = YES;
				CLANG_WARN_SUSPICIOUS_MOVE = YES;
				CLANG_WARN_UNREACHABLE_CODE = YES;
				CLANG_WARN__DUPLICATE_METHOD_MATCH = YES;
				"CODE_SIGN_IDENTITY[sdk=iphoneos*]" = "iPhone Developer";
				COPY_PHASE_STRIP = YES;
				ENABLE_NS_ASSERTIONS = NO;
				ENABLE_STRICT_OBJC_MSGSEND = YES;
				GCC_C_LANGUAGE_STANDARD = gnu99;
				GCC_NO_COMMON_BLOCKS = YES;
				GCC_WARN_64_TO_32_BIT_CONVERSION = YES;
				GCC_WARN_ABOUT_RETURN_TYPE = YES_ERROR;
				GCC_WARN_UNDECLARED_SELECTOR = YES;
				GCC_WARN_UNINITIALIZED_AUTOS = YES_AGGRESSIVE;
				GCC_WARN_UNUSED_FUNCTION = YES;
				GCC_WARN_UNUSED_VARIABLE = YES;
				IPHONEOS_DEPLOYMENT_TARGET = 11.0;
				MTL_ENABLE_DEBUG_INFO = NO;
				SDKROOT = iphoneos;
				TARGETED_DEVICE_FAMILY = "1,2";
				VALIDATE_PRODUCT = YES;
			};
			name = Release;
		};
		4EBE002F1A3844CE009BCC86 /* Debug */ = {
			isa = XCBuildConfiguration;
			buildSettings = {
				ASSETCATALOG_COMPILER_APPICON_NAME = AppIcon;
				DEVELOPMENT_TEAM = RP89MENV25;
				INFOPLIST_FILE = WKWebViewLocal/Info.plist;
				LD_RUNPATH_SEARCH_PATHS = "$(inherited) @executable_path/Frameworks";
				PRODUCT_BUNDLE_IDENTIFIER = "com.garynewby.$(PRODUCT_NAME:rfc1034identifier)";
				PRODUCT_NAME = "$(TARGET_NAME)";
			};
			name = Debug;
		};
		4EBE00301A3844CE009BCC86 /* Release */ = {
			isa = XCBuildConfiguration;
			buildSettings = {
				ASSETCATALOG_COMPILER_APPICON_NAME = AppIcon;
				DEVELOPMENT_TEAM = RP89MENV25;
				INFOPLIST_FILE = WKWebViewLocal/Info.plist;
				LD_RUNPATH_SEARCH_PATHS = "$(inherited) @executable_path/Frameworks";
				PRODUCT_BUNDLE_IDENTIFIER = "com.garynewby.$(PRODUCT_NAME:rfc1034identifier)";
				PRODUCT_NAME = "$(TARGET_NAME)";
			};
			name = Release;
		};
/* End XCBuildConfiguration section */

/* Begin XCConfigurationList section */
		4EBE00061A3844CE009BCC86 /* Build configuration list for PBXProject "WKWebViewLocal" */ = {
			isa = XCConfigurationList;
			buildConfigurations = (
				4EBE002C1A3844CE009BCC86 /* Debug */,
				4EBE002D1A3844CE009BCC86 /* Release */,
			);
			defaultConfigurationIsVisible = 0;
			defaultConfigurationName = Release;
		};
		4EBE002E1A3844CE009BCC86 /* Build configuration list for PBXNativeTarget "WKWebViewLocal" */ = {
			isa = XCConfigurationList;
			buildConfigurations = (
				4EBE002F1A3844CE009BCC86 /* Debug */,
				4EBE00301A3844CE009BCC86 /* Release */,
			);
			defaultConfigurationIsVisible = 0;
			defaultConfigurationName = Release;
		};
/* End XCConfigurationList section */
	};
	rootObject = 4EBE00031A3844CE009BCC86 /* Project object */;
}
