// !$*UTF8*$!
{
	archiveVersion = 1;
	classes = {
	};
	objectVersion = 48;
	objects = {

/* Begin PBXBuildFile section */
		4E930B8D2038B9660072B43B /* AppDelegate.swift in Sources */ = {isa = PBXBuildFile; fileRef = 4E930B8C2038B9660072B43B /* AppDelegate.swift */; };
		4E930B8F2038B9660072B43B /* ViewController.swift in Sources */ = {isa = PBXBuildFile; fileRef = 4E930B8E2038B9660072B43B /* ViewController.swift */; };
		4E930B922038B9660072B43B /* Main.storyboard in Resources */ = {isa = PBXBuildFile; fileRef = 4E930B902038B9660072B43B /* Main.storyboard */; };
		4E930B942038B9660072B43B /* Assets.xcassets in Resources */ = {isa = PBXBuildFile; fileRef = 4E930B932038B9660072B43B /* Assets.xcassets */; };
		4E930B972038B9660072B43B /* LaunchScreen.storyboard in Resources */ = {isa = PBXBuildFile; fileRef = 4E930B952038B9660072B43B /* LaunchScreen.storyboard */; };
		4E930BA32038B9C70072B43B /* Web_Assets in Resources */ = {isa = PBXBuildFile; fileRef = 4E930BA22038B9C70072B43B /* Web_Assets */; };
/* End PBXBuildFile section */

/* Begin PBXFileReference section */
		4E930B892038B9660072B43B /* WKWebViewLocal.app */ = {isa = PBXFileReference; explicitFileType = wrapper.application; includeInIndex = 0; path = WKWebViewLocal.app; sourceTree = BUILT_PRODUCTS_DIR; };
		4E930B8C2038B9660072B43B /* AppDelegate.swift */ = {isa = PBXFileReference; lastKnownFileType = sourcecode.swift; path = AppDelegate.swift; sourceTree = "<group>"; };
		4E930B8E2038B9660072B43B /* ViewController.swift */ = {isa = PBXFileReference; lastKnownFileType = sourcecode.swift; path = ViewController.swift; sourceTree = "<group>"; };
		4E930B912038B9660072B43B /* Base */ = {isa = PBXFileReference; lastKnownFileType = file.storyboard; name = Base; path = Base.lproj/Main.storyboard; sourceTree = "<group>"; };
		4E930B932038B9660072B43B /* Assets.xcassets */ = {isa = PBXFileReference; lastKnownFileType = folder.assetcatalog; path = Assets.xcassets; sourceTree = "<group>"; };
		4E930B962038B9660072B43B /* Base */ = {isa = PBXFileReference; lastKnownFileType = file.storyboard; name = Base; path = Base.lproj/LaunchScreen.storyboard; sourceTree = "<group>"; };
		4E930B982038B9660072B43B /* Info.plist */ = {isa = PBXFileReference; lastKnownFileType = text.plist.xml; path = Info.plist; sourceTree = "<group>"; };
		4E930BA22038B9C70072B43B /* Web_Assets */ = {isa = PBXFileReference; lastKnownFileType = folder; path = Web_Assets; sourceTree = "<group>"; };
/* End PBXFileReference section */

/* Begin PBXFrameworksBuildPhase section */
		4E930B862038B9660072B43B /* Frameworks */ = {
			isa = PBXFrameworksBuildPhase;
			buildActionMask = 2147483647;
			files = (
			);
			runOnlyForDeploymentPostprocessing = 0;
		};
/* End PBXFrameworksBuildPhase section */

/* Begin PBXGroup section */
		4E930B802038B9660072B43B = {
			isa = PBXGroup;
			children = (
				4E930B8B2038B9660072B43B /* WKWebViewLocal */,
				4E930B8A2038B9660072B43B /* Products */,
			);
			sourceTree = "<group>";
		};
		4E930B8A2038B9660072B43B /* Products */ = {
			isa = PBXGroup;
			children = (
				4E930B892038B9660072B43B /* WKWebViewLocal.app */,
			);
			name = Products;
			sourceTree = "<group>";
		};
		4E930B8B2038B9660072B43B /* WKWebViewLocal */ = {
			isa = PBXGroup;
			children = (
				4E930B8C2038B9660072B43B /* AppDelegate.swift */,
				4E930B8E2038B9660072B43B /* ViewController.swift */,
				4E930B902038B9660072B43B /* Main.storyboard */,
				4E930B952038B9660072B43B /* LaunchScreen.storyboard */,
				4E930B982038B9660072B43B /* Info.plist */,
				4E930BA22038B9C70072B43B /* Web_Assets */,
				4E930B932038B9660072B43B /* Assets.xcassets */,
			);
			path = WKWebViewLocal;
			sourceTree = "<group>";
		};
/* End PBXGroup section */

/* Begin PBXNativeTarget section */
		4E930B882038B9660072B43B /* WKWebViewLocal */ = {
			isa = PBXNativeTarget;
			buildConfigurationList = 4E930B9B2038B9660072B43B /* Build configuration list for PBXNativeTarget "WKWebViewLocal" */;
			buildPhases = (
				4E930B852038B9660072B43B /* Sources */,
				4E930B862038B9660072B43B /* Frameworks */,
				4E930B872038B9660072B43B /* Resources */,
			);
			buildRules = (
			);
			dependencies = (
			);
			name = WKWebViewLocal;
			productName = WKWebViewLocal;
			productReference = 4E930B892038B9660072B43B /* WKWebViewLocal.app */;
			productType = "com.apple.product-type.application";
		};
/* End PBXNativeTarget section */

/* Begin PBXProject section */
		4E930B812038B9660072B43B /* Project object */ = {
			isa = PBXProject;
			attributes = {
				LastSwiftUpdateCheck = 0920;
				LastUpgradeCheck = 0920;
				ORGANIZATIONNAME = Mellowmuse;
				TargetAttributes = {
					4E930B882038B9660072B43B = {
						CreatedOnToolsVersion = 9.2;
						ProvisioningStyle = Automatic;
					};
				};
			};
			buildConfigurationList = 4E930B842038B9660072B43B /* Build configuration list for PBXProject "WKWebViewLocal" */;
			compatibilityVersion = "Xcode 8.0";
			developmentRegion = en;
			hasScannedForEncodings = 0;
			knownRegions = (
				en,
				Base,
			);
			mainGroup = 4E930B802038B9660072B43B;
			productRefGroup = 4E930B8A2038B9660072B43B /* Products */;
			projectDirPath = "";
			projectRoot = "";
			targets = (
				4E930B882038B9660072B43B /* WKWebViewLocal */,
			);
		};
/* End PBXProject section */

/* Begin PBXResourcesBuildPhase section */
		4E930B872038B9660072B43B /* Resources */ = {
			isa = PBXResourcesBuildPhase;
			buildActionMask = 2147483647;
			files = (
				4E930B972038B9660072B43B /* LaunchScreen.storyboard in Resources */,
				4E930B942038B9660072B43B /* Assets.xcassets in Resources */,
				4E930BA32038B9C70072B43B /* Web_Assets in Resources */,
				4E930B922038B9660072B43B /* Main.storyboard in Resources */,
			);
			runOnlyForDeploymentPostprocessing = 0;
		};
/* End PBXResourcesBuildPhase section */

/* Begin PBXSourcesBuildPhase section */
		4E930B852038B9660072B43B /* Sources */ = {
			isa = PBXSourcesBuildPhase;
			buildActionMask = 2147483647;
			files = (
				4E930B8D2038B9660072B43B /* AppDelegate.swift in Sources */,
				4E930B8F2038B9660072B43B /* ViewController.swift in Sources */,
			);
			runOnlyForDeploymentPostprocessing = 0;
		};
/* End PBXSourcesBuildPhase section */

/* Begin PBXVariantGroup section */
		4E930B902038B9660072B43B /* Main.storyboard */ = {
			isa = PBXVariantGroup;
			children = (
				4E930B912038B9660072B43B /* Base */,
			);
			name = Main.storyboard;
			sourceTree = "<group>";
		};
		4E930B952038B9660072B43B /* LaunchScreen.storyboard */ = {
			isa = PBXVariantGroup;
			children = (
				4E930B962038B9660072B43B /* Base */,
			);
			name = LaunchScreen.storyboard;
			sourceTree = "<group>";
		};
/* End PBXVariantGroup section */

/* Begin XCBuildConfiguration section */
		4E930B992038B9660072B43B /* Debug */ = {
			isa = XCBuildConfiguration;
			buildSettings = {
				ALWAYS_SEARCH_USER_PATHS = NO;
				CLANG_ANALYZER_NONNULL = YES;
				CLANG_ANALYZER_NUMBER_OBJECT_CONVERSION = YES_AGGRESSIVE;
				CLANG_CXX_LANGUAGE_STANDARD = "gnu++14";
				CLANG_CXX_LIBRARY = "libc++";
				CLANG_ENABLE_MODULES = YES;
				CLANG_ENABLE_OBJC_ARC = YES;
				CLANG_WARN_BLOCK_CAPTURE_AUTORELEASING = YES;
				CLANG_WARN_BOOL_CONVERSION = YES;
				CLANG_WARN_COMMA = YES;
				CLANG_WARN_CONSTANT_CONVERSION = YES;
				CLANG_WARN_DIRECT_OBJC_ISA_USAGE = YES_ERROR;
				CLANG_WARN_DOCUMENTATION_COMMENTS = YES;
				CLANG_WARN_EMPTY_BODY = YES;
				CLANG_WARN_ENUM_CONVERSION = YES;
				CLANG_WARN_INFINITE_RECURSION = YES;
				CLANG_WARN_INT_CONVERSION = YES;
				CLANG_WARN_NON_LITERAL_NULL_CONVERSION = YES;
				CLANG_WARN_OBJC_LITERAL_CONVERSION = YES;
				CLANG_WARN_OBJC_ROOT_CLASS = YES_ERROR;
				CLANG_WARN_RANGE_LOOP_ANALYSIS = YES;
				CLANG_WARN_STRICT_PROTOTYPES = YES;
				CLANG_WARN_SUSPICIOUS_MOVE = YES;
				CLANG_WARN_UNGUARDED_AVAILABILITY = YES_AGGRESSIVE;
				CLANG_WARN_UNREACHABLE_CODE = YES;
				CLANG_WARN__DUPLICATE_METHOD_MATCH = YES;
				CODE_SIGN_IDENTITY = "iPhone Developer";
				COPY_PHASE_STRIP = NO;
				DEBUG_INFORMATION_FORMAT = dwarf;
				ENABLE_STRICT_OBJC_MSGSEND = YES;
				ENABLE_TESTABILITY = YES;
				GCC_C_LANGUAGE_STANDARD = gnu11;
				GCC_DYNAMIC_NO_PIC = NO;
				GCC_NO_COMMON_BLOCKS = YES;
				GCC_OPTIMIZATION_LEVEL = 0;
				GCC_PREPROCESSOR_DEFINITIONS = (
					"DEBUG=1",
					"$(inherited)",
				);
				GCC_WARN_64_TO_32_BIT_CONVERSION = YES;
				GCC_WARN_ABOUT_RETURN_TYPE = YES_ERROR;
				GCC_WARN_UNDECLARED_SELECTOR = YES;
				GCC_WARN_UNINITIALIZED_AUTOS = YES_AGGRESSIVE;
				GCC_WARN_UNUSED_FUNCTION = YES;
				GCC_WARN_UNUSED_VARIABLE = YES;
				IPHONEOS_DEPLOYMENT_TARGET = 11.2;
				MTL_ENABLE_DEBUG_INFO = YES;
				ONLY_ACTIVE_ARCH = YES;
				SDKROOT = iphoneos;
				SWIFT_ACTIVE_COMPILATION_CONDITIONS = DEBUG;
				SWIFT_OPTIMIZATION_LEVEL = "-Onone";
			};
			name = Debug;
		};
		4E930B9A2038B9660072B43B /* Release */ = {
			isa = XCBuildConfiguration;
			buildSettings = {
				ALWAYS_SEARCH_USER_PATHS = NO;
				CLANG_ANALYZER_NONNULL = YES;
				CLANG_ANALYZER_NUMBER_OBJECT_CONVERSION = YES_AGGRESSIVE;
				CLANG_CXX_LANGUAGE_STANDARD = "gnu++14";
				CLANG_CXX_LIBRARY = "libc++";
				CLANG_ENABLE_MODULES = YES;
				CLANG_ENABLE_OBJC_ARC = YES;
				CLANG_WARN_BLOCK_CAPTURE_AUTORELEASING = YES;
				CLANG_WARN_BOOL_CONVERSION = YES;
				CLANG_WARN_COMMA = YES;
				CLANG_WARN_CONSTANT_CONVERSION = YES;
				CLANG_WARN_DIRECT_OBJC_ISA_USAGE = YES_ERROR;
				CLANG_WARN_DOCUMENTATION_COMMENTS = YES;
				CLANG_WARN_EMPTY_BODY = YES;
				CLANG_WARN_ENUM_CONVERSION = YES;
				CLANG_WARN_INFINITE_RECURSION = YES;
				CLANG_WARN_INT_CONVERSION = YES;
				CLANG_WARN_NON_LITERAL_NULL_CONVERSION = YES;
				CLANG_WARN_OBJC_LITERAL_CONVERSION = YES;
				CLANG_WARN_OBJC_ROOT_CLASS = YES_ERROR;
				CLANG_WARN_RANGE_LOOP_ANALYSIS = YES;
				CLANG_WARN_STRICT_PROTOTYPES = YES;
				CLANG_WARN_SUSPICIOUS_MOVE = YES;
				CLANG_WARN_UNGUARDED_AVAILABILITY = YES_AGGRESSIVE;
				CLANG_WARN_UNREACHABLE_CODE = YES;
				CLANG_WARN__DUPLICATE_METHOD_MATCH = YES;
				CODE_SIGN_IDENTITY = "iPhone Developer";
				COPY_PHASE_STRIP = NO;
				DEBUG_INFORMATION_FORMAT = "dwarf-with-dsym";
				ENABLE_NS_ASSERTIONS = NO;
				ENABLE_STRICT_OBJC_MSGSEND = YES;
				GCC_C_LANGUAGE_STANDARD = gnu11;
				GCC_NO_COMMON_BLOCKS = YES;
				GCC_WARN_64_TO_32_BIT_CONVERSION = YES;
				GCC_WARN_ABOUT_RETURN_TYPE = YES_ERROR;
				GCC_WARN_UNDECLARED_SELECTOR = YES;
				GCC_WARN_UNINITIALIZED_AUTOS = YES_AGGRESSIVE;
				GCC_WARN_UNUSED_FUNCTION = YES;
				GCC_WARN_UNUSED_VARIABLE = YES;
				IPHONEOS_DEPLOYMENT_TARGET = 11.2;
				MTL_ENABLE_DEBUG_INFO = NO;
				SDKROOT = iphoneos;
				SWIFT_OPTIMIZATION_LEVEL = "-Owholemodule";
				VALIDATE_PRODUCT = YES;
			};
			name = Release;
		};
		4E930B9C2038B9660072B43B /* Debug */ = {
			isa = XCBuildConfiguration;
			buildSettings = {
				ASSETCATALOG_COMPILER_APPICON_NAME = AppIcon;
				CODE_SIGN_STYLE = Automatic;
				DEVELOPMENT_TEAM = RP89MENV25;
				INFOPLIST_FILE = WKWebViewLocal/Info.plist;
				LD_RUNPATH_SEARCH_PATHS = "$(inherited) @executable_path/Frameworks";
				PRODUCT_BUNDLE_IDENTIFIER = com.mellowmuse.WKWebViewLocal;
				PRODUCT_NAME = "$(TARGET_NAME)";
				SWIFT_VERSION = 4.0;
				TARGETED_DEVICE_FAMILY = "1,2";
			};
			name = Debug;
		};
		4E930B9D2038B9660072B43B /* Release */ = {
			isa = XCBuildConfiguration;
			buildSettings = {
				ASSETCATALOG_COMPILER_APPICON_NAME = AppIcon;
				CODE_SIGN_STYLE = Automatic;
				DEVELOPMENT_TEAM = RP89MENV25;
				INFOPLIST_FILE = WKWebViewLocal/Info.plist;
				LD_RUNPATH_SEARCH_PATHS = "$(inherited) @executable_path/Frameworks";
				PRODUCT_BUNDLE_IDENTIFIER = com.mellowmuse.WKWebViewLocal;
				PRODUCT_NAME = "$(TARGET_NAME)";
				SWIFT_VERSION = 4.0;
				TARGETED_DEVICE_FAMILY = "1,2";
			};
			name = Release;
		};
/* End XCBuildConfiguration section */

/* Begin XCConfigurationList section */
		4E930B842038B9660072B43B /* Build configuration list for PBXProject "WKWebViewLocal" */ = {
			isa = XCConfigurationList;
			buildConfigurations = (
				4E930B992038B9660072B43B /* Debug */,
				4E930B9A2038B9660072B43B /* Release */,
			);
			defaultConfigurationIsVisible = 0;
			defaultConfigurationName = Release;
		};
		4E930B9B2038B9660072B43B /* Build configuration list for PBXNativeTarget "WKWebViewLocal" */ = {
			isa = XCConfigurationList;
			buildConfigurations = (
				4E930B9C2038B9660072B43B /* Debug */,
				4E930B9D2038B9660072B43B /* Release */,
			);
			defaultConfigurationIsVisible = 0;
			defaultConfigurationName = Release;
		};
/* End XCConfigurationList section */
	};
	rootObject = 4E930B812038B9660072B43B /* Project object */;
}
